
Microsoft Visual Studio Solution File, Format Version 12.00
# Visual Studio 15
VisualStudioVersion = 15.0.28307.438
MinimumVisualStudioVersion = 10.0.40219.1
Project("{FAE04EC0-301F-11D3-BF4B-00C04F79EFBC}") = "ProyectoAlumnos.UI", "ProyectoAlumnos.UI\ProyectoAlumnos.UI.csproj", "{8E93A106-D212-4F5C-8D94-22BFC23AA1EB}"
EndProject
Project("{FAE04EC0-301F-11D3-BF4B-00C04F79EFBC}") = "ProyectoAlumnos.DA", "ProyectoAlumnos.DA\ProyectoAlumnos.DA.csproj", "{B90A5C51-46F7-4C84-B382-E62F55BE28F5}"
EndProject
Project("{FAE04EC0-301F-11D3-BF4B-00C04F79EFBC}") = "ProyectoAlumnos.BL", "ProyectoAlumnos.BL\ProyectoAlumnos.BL.csproj", "{480EF96D-FD43-4478-AF2F-C781D94ED497}"
EndProject
Project("{FAE04EC0-301F-11D3-BF4B-00C04F79EFBC}") = "ProyectoAlumnos.Models", "ProyectoAlumnos.Models\ProyectoAlumnos.Models.csproj", "{6D0AFE7C-6389-4579-AF8C-D5CA86DFCCDE}"
EndProject
Global
	GlobalSection(SolutionConfigurationPlatforms) = preSolution
		Debug|Any CPU = Debug|Any CPU
		Release|Any CPU = Release|Any CPU
	EndGlobalSection
	GlobalSection(ProjectConfigurationPlatforms) = postSolution
		{8E93A106-D212-4F5C-8D94-22BFC23AA1EB}.Debug|Any CPU.ActiveCfg = Debug|Any CPU
		{8E93A106-D212-4F5C-8D94-22BFC23AA1EB}.Debug|Any CPU.Build.0 = Debug|Any CPU
		{8E93A106-D212-4F5C-8D94-22BFC23AA1EB}.Release|Any CPU.ActiveCfg = Release|Any CPU
		{8E93A106-D212-4F5C-8D94-22BFC23AA1EB}.Release|Any CPU.Build.0 = Release|Any CPU
		{B90A5C51-46F7-4C84-B382-E62F55BE28F5}.Debug|Any CPU.ActiveCfg = Debug|Any CPU
		{B90A5C51-46F7-4C84-B382-E62F55BE28F5}.Debug|Any CPU.Build.0 = Debug|Any CPU
		{B90A5C51-46F7-4C84-B382-E62F55BE28F5}.Release|Any CPU.ActiveCfg = Release|Any CPU
		{B90A5C51-46F7-4C84-B382-E62F55BE28F5}.Release|Any CPU.Build.0 = Release|Any CPU
		{480EF96D-FD43-4478-AF2F-C781D94ED497}.Debug|Any CPU.ActiveCfg = Debug|Any CPU
		{480EF96D-FD43-4478-AF2F-C781D94ED497}.Debug|Any CPU.Build.0 = Debug|Any CPU
		{480EF96D-FD43-4478-AF2F-C781D94ED497}.Release|Any CPU.ActiveCfg = Release|Any CPU
		{480EF96D-FD43-4478-AF2F-C781D94ED497}.Release|Any CPU.Build.0 = Release|Any CPU
		{6D0AFE7C-6389-4579-AF8C-D5CA86DFCCDE}.Debug|Any CPU.ActiveCfg = Debug|Any CPU
		{6D0AFE7C-6389-4579-AF8C-D5CA86DFCCDE}.Debug|Any CPU.Build.0 = Debug|Any CPU
		{6D0AFE7C-6389-4579-AF8C-D5CA86DFCCDE}.Release|Any CPU.ActiveCfg = Release|Any CPU
		{6D0AFE7C-6389-4579-AF8C-D5CA86DFCCDE}.Release|Any CPU.Build.0 = Release|Any CPU
	EndGlobalSection
	GlobalSection(SolutionProperties) = preSolution
		HideSolutionNode = FALSE
	EndGlobalSection
	GlobalSection(ExtensibilityGlobals) = postSolution
		SolutionGuid = {9CEE6EAA-135A-45AC-9E71-646A12F0FF0A}
	EndGlobalSection
EndGlobal
